// !$*UTF8*$!
{
	archiveVersion = 1;
	classes = {
	};
	objectVersion = 46;
	objects = {

/* Begin PBXBuildFile section */
		5ED809F61C1FC4FC00CE915F /* main.m in Sources */ = {isa = PBXBuildFile; fileRef = 5ED809F51C1FC4FC00CE915F /* main.m */; };
		5ED809F91C1FC4FC00CE915F /* AppDelegate.m in Sources */ = {isa = PBXBuildFile; fileRef = 5ED809F81C1FC4FC00CE915F /* AppDelegate.m */; };
		5ED809FC1C1FC4FC00CE915F /* ViewController.m in Sources */ = {isa = PBXBuildFile; fileRef = 5ED809FB1C1FC4FC00CE915F /* ViewController.m */; };
		5ED809FF1C1FC4FC00CE915F /* Main.storyboard in Resources */ = {isa = PBXBuildFile; fileRef = 5ED809FD1C1FC4FC00CE915F /* Main.storyboard */; };
		5ED80A011C1FC4FC00CE915F /* Assets.xcassets in Resources */ = {isa = PBXBuildFile; fileRef = 5ED80A001C1FC4FC00CE915F /* Assets.xcassets */; };
		5ED80A041C1FC4FC00CE915F /* LaunchScreen.storyboard in Resources */ = {isa = PBXBuildFile; fileRef = 5ED80A021C1FC4FC00CE915F /* LaunchScreen.storyboard */; };
		5ED80A0F1C1FC4FC00CE915F /* PopViewTests.m in Sources */ = {isa = PBXBuildFile; fileRef = 5ED80A0E1C1FC4FC00CE915F /* PopViewTests.m */; };
		5ED80A1A1C1FC4FC00CE915F /* PopViewUITests.m in Sources */ = {isa = PBXBuildFile; fileRef = 5ED80A191C1FC4FC00CE915F /* PopViewUITests.m */; };
		5ED80A291C1FC51B00CE915F /* PopView.m in Sources */ = {isa = PBXBuildFile; fileRef = 5ED80A281C1FC51B00CE915F /* PopView.m */; };
/* End PBXBuildFile section */

/* Begin PBXContainerItemProxy section */
		5ED80A0B1C1FC4FC00CE915F /* PBXContainerItemProxy */ = {
			isa = PBXContainerItemProxy;
			containerPortal = 5ED809E91C1FC4FC00CE915F /* Project object */;
			proxyType = 1;
			remoteGlobalIDString = 5ED809F01C1FC4FC00CE915F;
			remoteInfo = PopView;
		};
		5ED80A161C1FC4FC00CE915F /* PBXContainerItemProxy */ = {
			isa = PBXContainerItemProxy;
			containerPortal = 5ED809E91C1FC4FC00CE915F /* Project object */;
			proxyType = 1;
			remoteGlobalIDString = 5ED809F01C1FC4FC00CE915F;
			remoteInfo = PopView;
		};
/* End PBXContainerItemProxy section */

/* Begin PBXFileReference section */
		5ED809F11C1FC4FC00CE915F /* PopView.app */ = {isa = PBXFileReference; explicitFileType = wrapper.application; includeInIndex = 0; path = PopView.app; sourceTree = BUILT_PRODUCTS_DIR; };
		5ED809F51C1FC4FC00CE915F /* main.m */ = {isa = PBXFileReference; lastKnownFileType = sourcecode.c.objc; path = main.m; sourceTree = "<group>"; };
		5ED809F71C1FC4FC00CE915F /* AppDelegate.h */ = {isa = PBXFileReference; lastKnownFileType = sourcecode.c.h; path = AppDelegate.h; sourceTree = "<group>"; };
		5ED809F81C1FC4FC00CE915F /* AppDelegate.m */ = {isa = PBXFileReference; lastKnownFileType = sourcecode.c.objc; path = AppDelegate.m; sourceTree = "<group>"; };
		5ED809FA1C1FC4FC00CE915F /* ViewController.h */ = {isa = PBXFileReference; lastKnownFileType = sourcecode.c.h; path = ViewController.h; sourceTree = "<group>"; };
		5ED809FB1C1FC4FC00CE915F /* ViewController.m */ = {isa = PBXFileReference; lastKnownFileType = sourcecode.c.objc; path = ViewController.m; sourceTree = "<group>"; };
		5ED809FE1C1FC4FC00CE915F /* Base */ = {isa = PBXFileReference; lastKnownFileType = file.storyboard; name = Base; path = Base.lproj/Main.storyboard; sourceTree = "<group>"; };
		5ED80A001C1FC4FC00CE915F /* Assets.xcassets */ = {isa = PBXFileReference; lastKnownFileType = folder.assetcatalog; path = Assets.xcassets; sourceTree = "<group>"; };
		5ED80A031C1FC4FC00CE915F /* Base */ = {isa = PBXFileReference; lastKnownFileType = file.storyboard; name = Base; path = Base.lproj/LaunchScreen.storyboard; sourceTree = "<group>"; };
		5ED80A051C1FC4FC00CE915F /* Info.plist */ = {isa = PBXFileReference; lastKnownFileType = text.plist.xml; path = Info.plist; sourceTree = "<group>"; };
		5ED80A0A1C1FC4FC00CE915F /* PopViewTests.xctest */ = {isa = PBXFileReference; explicitFileType = wrapper.cfbundle; includeInIndex = 0; path = PopViewTests.xctest; sourceTree = BUILT_PRODUCTS_DIR; };
		5ED80A0E1C1FC4FC00CE915F /* PopViewTests.m */ = {isa = PBXFileReference; lastKnownFileType = sourcecode.c.objc; path = PopViewTests.m; sourceTree = "<group>"; };
		5ED80A101C1FC4FC00CE915F /* Info.plist */ = {isa = PBXFileReference; lastKnownFileType = text.plist.xml; path = Info.plist; sourceTree = "<group>"; };
		5ED80A151C1FC4FC00CE915F /* PopViewUITests.xctest */ = {isa = PBXFileReference; explicitFileType = wrapper.cfbundle; includeInIndex = 0; path = PopViewUITests.xctest; sourceTree = BUILT_PRODUCTS_DIR; };
		5ED80A191C1FC4FC00CE915F /* PopViewUITests.m */ = {isa = PBXFileReference; lastKnownFileType = sourcecode.c.objc; path = PopViewUITests.m; sourceTree = "<group>"; };
		5ED80A1B1C1FC4FC00CE915F /* Info.plist */ = {isa = PBXFileReference; lastKnownFileType = text.plist.xml; path = Info.plist; sourceTree = "<group>"; };
		5ED80A271C1FC51B00CE915F /* PopView.h */ = {isa = PBXFileReference; fileEncoding = 4; lastKnownFileType = sourcecode.c.h; path = PopView.h; sourceTree = "<group>"; };
		5ED80A281C1FC51B00CE915F /* PopView.m */ = {isa = PBXFileReference; fileEncoding = 4; lastKnownFileType = sourcecode.c.objc; path = PopView.m; sourceTree = "<group>"; };
/* End PBXFileReference section */

/* Begin PBXFrameworksBuildPhase section */
		5ED809EE1C1FC4FC00CE915F /* Frameworks */ = {
			isa = PBXFrameworksBuildPhase;
			buildActionMask = 2147483647;
			files = (
			);
			runOnlyForDeploymentPostprocessing = 0;
		};
		5ED80A071C1FC4FC00CE915F /* Frameworks */ = {
			isa = PBXFrameworksBuildPhase;
			buildActionMask = 2147483647;
			files = (
			);
			runOnlyForDeploymentPostprocessing = 0;
		};
		5ED80A121C1FC4FC00CE915F /* Frameworks */ = {
			isa = PBXFrameworksBuildPhase;
			buildActionMask = 2147483647;
			files = (
			);
			runOnlyForDeploymentPostprocessing = 0;
		};
/* End PBXFrameworksBuildPhase section */

/* Begin PBXGroup section */
		5ED809E81C1FC4FC00CE915F = {
			isa = PBXGroup;
			children = (
				5ED809F31C1FC4FC00CE915F /* PopView */,
				5ED80A0D1C1FC4FC00CE915F /* PopViewTests */,
				5ED80A181C1FC4FC00CE915F /* PopViewUITests */,
				5ED809F21C1FC4FC00CE915F /* Products */,
			);
			sourceTree = "<group>";
		};
		5ED809F21C1FC4FC00CE915F /* Products */ = {
			isa = PBXGroup;
			children = (
				5ED809F11C1FC4FC00CE915F /* PopView.app */,
				5ED80A0A1C1FC4FC00CE915F /* PopViewTests.xctest */,
				5ED80A151C1FC4FC00CE915F /* PopViewUITests.xctest */,
			);
			name = Products;
			sourceTree = "<group>";
		};
		5ED809F31C1FC4FC00CE915F /* PopView */ = {
			isa = PBXGroup;
			children = (
				5ED809F71C1FC4FC00CE915F /* AppDelegate.h */,
				5ED809F81C1FC4FC00CE915F /* AppDelegate.m */,
				5ED809FA1C1FC4FC00CE915F /* ViewController.h */,
				5ED809FB1C1FC4FC00CE915F /* ViewController.m */,
				5ED80A271C1FC51B00CE915F /* PopView.h */,
				5ED80A281C1FC51B00CE915F /* PopView.m */,
				5ED809FD1C1FC4FC00CE915F /* Main.storyboard */,
				5ED80A001C1FC4FC00CE915F /* Assets.xcassets */,
				5ED80A021C1FC4FC00CE915F /* LaunchScreen.storyboard */,
				5ED80A051C1FC4FC00CE915F /* Info.plist */,
				5ED809F41C1FC4FC00CE915F /* Supporting Files */,
			);
			path = PopView;
			sourceTree = "<group>";
		};
		5ED809F41C1FC4FC00CE915F /* Supporting Files */ = {
			isa = PBXGroup;
			children = (
				5ED809F51C1FC4FC00CE915F /* main.m */,
			);
			name = "Supporting Files";
			sourceTree = "<group>";
		};
		5ED80A0D1C1FC4FC00CE915F /* PopViewTests */ = {
			isa = PBXGroup;
			children = (
				5ED80A0E1C1FC4FC00CE915F /* PopViewTests.m */,
				5ED80A101C1FC4FC00CE915F /* Info.plist */,
			);
			path = PopViewTests;
			sourceTree = "<group>";
		};
		5ED80A181C1FC4FC00CE915F /* PopViewUITests */ = {
			isa = PBXGroup;
			children = (
				5ED80A191C1FC4FC00CE915F /* PopViewUITests.m */,
				5ED80A1B1C1FC4FC00CE915F /* Info.plist */,
			);
			path = PopViewUITests;
			sourceTree = "<group>";
		};
/* End PBXGroup section */

/* Begin PBXNativeTarget section */
		5ED809F01C1FC4FC00CE915F /* PopView */ = {
			isa = PBXNativeTarget;
			buildConfigurationList = 5ED80A1E1C1FC4FC00CE915F /* Build configuration list for PBXNativeTarget "PopView" */;
			buildPhases = (
				5ED809ED1C1FC4FC00CE915F /* Sources */,
				5ED809EE1C1FC4FC00CE915F /* Frameworks */,
				5ED809EF1C1FC4FC00CE915F /* Resources */,
			);
			buildRules = (
			);
			dependencies = (
			);
			name = PopView;
			productName = PopView;
			productReference = 5ED809F11C1FC4FC00CE915F /* PopView.app */;
			productType = "com.apple.product-type.application";
		};
		5ED80A091C1FC4FC00CE915F /* PopViewTests */ = {
			isa = PBXNativeTarget;
			buildConfigurationList = 5ED80A211C1FC4FC00CE915F /* Build configuration list for PBXNativeTarget "PopViewTests" */;
			buildPhases = (
				5ED80A061C1FC4FC00CE915F /* Sources */,
				5ED80A071C1FC4FC00CE915F /* Frameworks */,
				5ED80A081C1FC4FC00CE915F /* Resources */,
			);
			buildRules = (
			);
			dependencies = (
				5ED80A0C1C1FC4FC00CE915F /* PBXTargetDependency */,
			);
			name = PopViewTests;
			productName = PopViewTests;
			productReference = 5ED80A0A1C1FC4FC00CE915F /* PopViewTests.xctest */;
			productType = "com.apple.product-type.bundle.unit-test";
		};
		5ED80A141C1FC4FC00CE915F /* PopViewUITests */ = {
			isa = PBXNativeTarget;
			buildConfigurationList = 5ED80A241C1FC4FC00CE915F /* Build configuration list for PBXNativeTarget "PopViewUITests" */;
			buildPhases = (
				5ED80A111C1FC4FC00CE915F /* Sources */,
				5ED80A121C1FC4FC00CE915F /* Frameworks */,
				5ED80A131C1FC4FC00CE915F /* Resources */,
			);
			buildRules = (
			);
			dependencies = (
				5ED80A171C1FC4FC00CE915F /* PBXTargetDependency */,
			);
			name = PopViewUITests;
			productName = PopViewUITests;
			productReference = 5ED80A151C1FC4FC00CE915F /* PopViewUITests.xctest */;
			productType = "com.apple.product-type.bundle.ui-testing";
		};
/* End PBXNativeTarget section */

/* Begin PBXProject section */
		5ED809E91C1FC4FC00CE915F /* Project object */ = {
			isa = PBXProject;
			attributes = {
				LastUpgradeCheck = 0710;
				ORGANIZATIONNAME = BDhub;
				TargetAttributes = {
					5ED809F01C1FC4FC00CE915F = {
						CreatedOnToolsVersion = 7.1;
					};
					5ED80A091C1FC4FC00CE915F = {
						CreatedOnToolsVersion = 7.1;
						TestTargetID = 5ED809F01C1FC4FC00CE915F;
					};
					5ED80A141C1FC4FC00CE915F = {
						CreatedOnToolsVersion = 7.1;
						TestTargetID = 5ED809F01C1FC4FC00CE915F;
					};
				};
			};
			buildConfigurationList = 5ED809EC1C1FC4FC00CE915F /* Build configuration list for PBXProject "PopView" */;
			compatibilityVersion = "Xcode 3.2";
			developmentRegion = English;
			hasScannedForEncodings = 0;
			knownRegions = (
				en,
				Base,
			);
			mainGroup = 5ED809E81C1FC4FC00CE915F;
			productRefGroup = 5ED809F21C1FC4FC00CE915F /* Products */;
			projectDirPath = "";
			projectRoot = "";
			targets = (
				5ED809F01C1FC4FC00CE915F /* PopView */,
				5ED80A091C1FC4FC00CE915F /* PopViewTests */,
				5ED80A141C1FC4FC00CE915F /* PopViewUITests */,
			);
		};
/* End PBXProject section */

/* Begin PBXResourcesBuildPhase section */
		5ED809EF1C1FC4FC00CE915F /* Resources */ = {
			isa = PBXResourcesBuildPhase;
			buildActionMask = 2147483647;
			files = (
				5ED80A041C1FC4FC00CE915F /* LaunchScreen.storyboard in Resources */,
				5ED80A011C1FC4FC00CE915F /* Assets.xcassets in Resources */,
				5ED809FF1C1FC4FC00CE915F /* Main.storyboard in Resources */,
			);
			runOnlyForDeploymentPostprocessing = 0;
		};
		5ED80A081C1FC4FC00CE915F /* Resources */ = {
			isa = PBXResourcesBuildPhase;
			buildActionMask = 2147483647;
			files = (
			);
			runOnlyForDeploymentPostprocessing = 0;
		};
		5ED80A131C1FC4FC00CE915F /* Resources */ = {
			isa = PBXResourcesBuildPhase;
			buildActionMask = 2147483647;
			files = (
			);
			runOnlyForDeploymentPostprocessing = 0;
		};
/* End PBXResourcesBuildPhase section */

/* Begin PBXSourcesBuildPhase section */
		5ED809ED1C1FC4FC00CE915F /* Sources */ = {
			isa = PBXSourcesBuildPhase;
			buildActionMask = 2147483647;
			files = (
				5ED809FC1C1FC4FC00CE915F /* ViewController.m in Sources */,
				5ED809F91C1FC4FC00CE915F /* AppDelegate.m in Sources */,
				5ED80A291C1FC51B00CE915F /* PopView.m in Sources */,
				5ED809F61C1FC4FC00CE915F /* main.m in Sources */,
			);
			runOnlyForDeploymentPostprocessing = 0;
		};
		5ED80A061C1FC4FC00CE915F /* Sources */ = {
			isa = PBXSourcesBuildPhase;
			buildActionMask = 2147483647;
			files = (
				5ED80A0F1C1FC4FC00CE915F /* PopViewTests.m in Sources */,
			);
			runOnlyForDeploymentPostprocessing = 0;
		};
		5ED80A111C1FC4FC00CE915F /* Sources */ = {
			isa = PBXSourcesBuildPhase;
			buildActionMask = 2147483647;
			files = (
				5ED80A1A1C1FC4FC00CE915F /* PopViewUITests.m in Sources */,
			);
			runOnlyForDeploymentPostprocessing = 0;
		};
/* End PBXSourcesBuildPhase section */

/* Begin PBXTargetDependency section */
		5ED80A0C1C1FC4FC00CE915F /* PBXTargetDependency */ = {
			isa = PBXTargetDependency;
			target = 5ED809F01C1FC4FC00CE915F /* PopView */;
			targetProxy = 5ED80A0B1C1FC4FC00CE915F /* PBXContainerItemProxy */;
		};
		5ED80A171C1FC4FC00CE915F /* PBXTargetDependency */ = {
			isa = PBXTargetDependency;
			target = 5ED809F01C1FC4FC00CE915F /* PopView */;
			targetProxy = 5ED80A161C1FC4FC00CE915F /* PBXContainerItemProxy */;
		};
/* End PBXTargetDependency section */

/* Begin PBXVariantGroup section */
		5ED809FD1C1FC4FC00CE915F /* Main.storyboard */ = {
			isa = PBXVariantGroup;
			children = (
				5ED809FE1C1FC4FC00CE915F /* Base */,
			);
			name = Main.storyboard;
			sourceTree = "<group>";
		};
		5ED80A021C1FC4FC00CE915F /* LaunchScreen.storyboard */ = {
			isa = PBXVariantGroup;
			children = (
				5ED80A031C1FC4FC00CE915F /* Base */,
			);
			name = LaunchScreen.storyboard;
			sourceTree = "<group>";
		};
/* End PBXVariantGroup section */

/* Begin XCBuildConfiguration section */
		5ED80A1C1C1FC4FC00CE915F /* Debug */ = {
			isa = XCBuildConfiguration;
			buildSettings = {
				ALWAYS_SEARCH_USER_PATHS = NO;
				CLANG_CXX_LANGUAGE_STANDARD = "gnu++0x";
				CLANG_CXX_LIBRARY = "libc++";
				CLANG_ENABLE_MODULES = YES;
				CLANG_ENABLE_OBJC_ARC = YES;
				CLANG_WARN_BOOL_CONVERSION = YES;
				CLANG_WARN_CONSTANT_CONVERSION = YES;
				CLANG_WARN_DIRECT_OBJC_ISA_USAGE = YES_ERROR;
				CLANG_WARN_EMPTY_BODY = YES;
				CLANG_WARN_ENUM_CONVERSION = YES;
				CLANG_WARN_INT_CONVERSION = YES;
				CLANG_WARN_OBJC_ROOT_CLASS = YES_ERROR;
				CLANG_WARN_UNREACHABLE_CODE = YES;
				CLANG_WARN__DUPLICATE_METHOD_MATCH = YES;
				"CODE_SIGN_IDENTITY[sdk=iphoneos*]" = "iPhone Developer";
				COPY_PHASE_STRIP = NO;
				DEBUG_INFORMATION_FORMAT = dwarf;
				ENABLE_STRICT_OBJC_MSGSEND = YES;
				ENABLE_TESTABILITY = YES;
				GCC_C_LANGUAGE_STANDARD = gnu99;
				GCC_DYNAMIC_NO_PIC = NO;
				GCC_NO_COMMON_BLOCKS = YES;
				GCC_OPTIMIZATION_LEVEL = 0;
				GCC_PREPROCESSOR_DEFINITIONS = (
					"DEBUG=1",
					"$(inherited)",
				);
				GCC_WARN_64_TO_32_BIT_CONVERSION = YES;
				GCC_WARN_ABOUT_RETURN_TYPE = YES_ERROR;
				GCC_WARN_UNDECLARED_SELECTOR = YES;
				GCC_WARN_UNINITIALIZED_AUTOS = YES_AGGRESSIVE;
				GCC_WARN_UNUSED_FUNCTION = YES;
				GCC_WARN_UNUSED_VARIABLE = YES;
				IPHONEOS_DEPLOYMENT_TARGET = 9.1;
				MTL_ENABLE_DEBUG_INFO = YES;
				ONLY_ACTIVE_ARCH = YES;
				SDKROOT = iphoneos;
			};
			name = Debug;
		};
		5ED80A1D1C1FC4FC00CE915F /* Release */ = {
			isa = XCBuildConfiguration;
			buildSettings = {
				ALWAYS_SEARCH_USER_PATHS = NO;
				CLANG_CXX_LANGUAGE_STANDARD = "gnu++0x";
				CLANG_CXX_LIBRARY = "libc++";
				CLANG_ENABLE_MODULES = YES;
				CLANG_ENABLE_OBJC_ARC = YES;
				CLANG_WARN_BOOL_CONVERSION = YES;
				CLANG_WARN_CONSTANT_CONVERSION = YES;
				CLANG_WARN_DIRECT_OBJC_ISA_USAGE = YES_ERROR;
				CLANG_WARN_EMPTY_BODY = YES;
				CLANG_WARN_ENUM_CONVERSION = YES;
				CLANG_WARN_INT_CONVERSION = YES;
				CLANG_WARN_OBJC_ROOT_CLASS = YES_ERROR;
				CLANG_WARN_UNREACHABLE_CODE = YES;
				CLANG_WARN__DUPLICATE_METHOD_MATCH = YES;
				"CODE_SIGN_IDENTITY[sdk=iphoneos*]" = "iPhone Developer";
				COPY_PHASE_STRIP = NO;
				DEBUG_INFORMATION_FORMAT = "dwarf-with-dsym";
				ENABLE_NS_ASSERTIONS = NO;
				ENABLE_STRICT_OBJC_MSGSEND = YES;
				GCC_C_LANGUAGE_STANDARD = gnu99;
				GCC_NO_COMMON_BLOCKS = YES;
				GCC_WARN_64_TO_32_BIT_CONVERSION = YES;
				GCC_WARN_ABOUT_RETURN_TYPE = YES_ERROR;
				GCC_WARN_UNDECLARED_SELECTOR = YES;
				GCC_WARN_UNINITIALIZED_AUTOS = YES_AGGRESSIVE;
				GCC_WARN_UNUSED_FUNCTION = YES;
				GCC_WARN_UNUSED_VARIABLE = YES;
				IPHONEOS_DEPLOYMENT_TARGET = 9.1;
				MTL_ENABLE_DEBUG_INFO = NO;
				SDKROOT = iphoneos;
				VALIDATE_PRODUCT = YES;
			};
			name = Release;
		};
		5ED80A1F1C1FC4FC00CE915F /* Debug */ = {
			isa = XCBuildConfiguration;
			buildSettings = {
				ASSETCATALOG_COMPILER_APPICON_NAME = AppIcon;
				INFOPLIST_FILE = PopView/Info.plist;
				LD_RUNPATH_SEARCH_PATHS = "$(inherited) @executable_path/Frameworks";
				PRODUCT_BUNDLE_IDENTIFIER = com.wangdada.PopView;
				PRODUCT_NAME = "$(TARGET_NAME)";
			};
			name = Debug;
		};
		5ED80A201C1FC4FC00CE915F /* Release */ = {
			isa = XCBuildConfiguration;
			buildSettings = {
				ASSETCATALOG_COMPILER_APPICON_NAME = AppIcon;
				INFOPLIST_FILE = PopView/Info.plist;
				LD_RUNPATH_SEARCH_PATHS = "$(inherited) @executable_path/Frameworks";
				PRODUCT_BUNDLE_IDENTIFIER = com.wangdada.PopView;
				PRODUCT_NAME = "$(TARGET_NAME)";
			};
			name = Release;
		};
		5ED80A221C1FC4FC00CE915F /* Debug */ = {
			isa = XCBuildConfiguration;
			buildSettings = {
				BUNDLE_LOADER = "$(TEST_HOST)";
				INFOPLIST_FILE = PopViewTests/Info.plist;
				LD_RUNPATH_SEARCH_PATHS = "$(inherited) @executable_path/Frameworks @loader_path/Frameworks";
				PRODUCT_BUNDLE_IDENTIFIER = com.wangdada.PopViewTests;
				PRODUCT_NAME = "$(TARGET_NAME)";
				TEST_HOST = "$(BUILT_PRODUCTS_DIR)/PopView.app/PopView";
			};
			name = Debug;
		};
		5ED80A231C1FC4FC00CE915F /* Release */ = {
			isa = XCBuildConfiguration;
			buildSettings = {
				BUNDLE_LOADER = "$(TEST_HOST)";
				INFOPLIST_FILE = PopViewTests/Info.plist;
				LD_RUNPATH_SEARCH_PATHS = "$(inherited) @executable_path/Frameworks @loader_path/Frameworks";
				PRODUCT_BUNDLE_IDENTIFIER = com.wangdada.PopViewTests;
				PRODUCT_NAME = "$(TARGET_NAME)";
				TEST_HOST = "$(BUILT_PRODUCTS_DIR)/PopView.app/PopView";
			};
			name = Release;
		};
		5ED80A251C1FC4FC00CE915F /* Debug */ = {
			isa = XCBuildConfiguration;
			buildSettings = {
				INFOPLIST_FILE = PopViewUITests/Info.plist;
				LD_RUNPATH_SEARCH_PATHS = "$(inherited) @executable_path/Frameworks @loader_path/Frameworks";
				PRODUCT_BUNDLE_IDENTIFIER = com.wangdada.PopViewUITests;
				PRODUCT_NAME = "$(TARGET_NAME)";
				TEST_TARGET_NAME = PopView;
				USES_XCTRUNNER = YES;
			};
			name = Debug;
		};
		5ED80A261C1FC4FC00CE915F /* Release */ = {
			isa = XCBuildConfiguration;
			buildSettings = {
				INFOPLIST_FILE = PopViewUITests/Info.plist;
				LD_RUNPATH_SEARCH_PATHS = "$(inherited) @executable_path/Frameworks @loader_path/Frameworks";
				PRODUCT_BUNDLE_IDENTIFIER = com.wangdada.PopViewUITests;
				PRODUCT_NAME = "$(TARGET_NAME)";
				TEST_TARGET_NAME = PopView;
				USES_XCTRUNNER = YES;
			};
			name = Release;
		};
/* End XCBuildConfiguration section */

/* Begin XCConfigurationList section */
		5ED809EC1C1FC4FC00CE915F /* Build configuration list for PBXProject "PopView" */ = {
			isa = XCConfigurationList;
			buildConfigurations = (
				5ED80A1C1C1FC4FC00CE915F /* Debug */,
				5ED80A1D1C1FC4FC00CE915F /* Release */,
			);
			defaultConfigurationIsVisible = 0;
			defaultConfigurationName = Release;
		};
		5ED80A1E1C1FC4FC00CE915F /* Build configuration list for PBXNativeTarget "PopView" */ = {
			isa = XCConfigurationList;
			buildConfigurations = (
				5ED80A1F1C1FC4FC00CE915F /* Debug */,
				5ED80A201C1FC4FC00CE915F /* Release */,
			);
			defaultConfigurationIsVisible = 0;
		};
		5ED80A211C1FC4FC00CE915F /* Build configuration list for PBXNativeTarget "PopViewTests" */ = {
			isa = XCConfigurationList;
			buildConfigurations = (
				5ED80A221C1FC4FC00CE915F /* Debug */,
				5ED80A231C1FC4FC00CE915F /* Release */,
			);
			defaultConfigurationIsVisible = 0;
		};
		5ED80A241C1FC4FC00CE915F /* Build configuration list for PBXNativeTarget "PopViewUITests" */ = {
			isa = XCConfigurationList;
			buildConfigurations = (
				5ED80A251C1FC4FC00CE915F /* Debug */,
				5ED80A261C1FC4FC00CE915F /* Release */,
			);
			defaultConfigurationIsVisible = 0;
		};
/* End XCConfigurationList section */
	};
	rootObject = 5ED809E91C1FC4FC00CE915F /* Project object */;
}
